// !$*UTF8*$!
{
	archiveVersion = 1;
	classes = {
	};
	objectVersion = 52;
	objects = {

/* Begin PBXBuildFile section */
		0254FC7325F0925500AF51DB /* CodableCSV in Frameworks */ = {isa = PBXBuildFile; productRef = 0254FC7225F0925500AF51DB /* CodableCSV */; };
		02904B5525F078FE00671FF0 /* tweetStructure.swift in Sources */ = {isa = PBXBuildFile; fileRef = 02904B5425F078FE00671FF0 /* tweetStructure.swift */; };
		02ABCF8725EB687700037B27 /* AppDelegate.swift in Sources */ = {isa = PBXBuildFile; fileRef = 02ABCF8625EB687700037B27 /* AppDelegate.swift */; };
		02ABCF8925EB687700037B27 /* SceneDelegate.swift in Sources */ = {isa = PBXBuildFile; fileRef = 02ABCF8825EB687700037B27 /* SceneDelegate.swift */; };
		02ABCF8B25EB687700037B27 /* TweetDetailedViewController.swift in Sources */ = {isa = PBXBuildFile; fileRef = 02ABCF8A25EB687700037B27 /* TweetDetailedViewController.swift */; };
		02ABCF8E25EB687700037B27 /* Main.storyboard in Resources */ = {isa = PBXBuildFile; fileRef = 02ABCF8C25EB687700037B27 /* Main.storyboard */; };
		02ABCF9125EB687700037B27 /* TweetCSVAnnotator.xcdatamodeld in Sources */ = {isa = PBXBuildFile; fileRef = 02ABCF8F25EB687700037B27 /* TweetCSVAnnotator.xcdatamodeld */; };
		02ABCF9325EB687800037B27 /* Assets.xcassets in Resources */ = {isa = PBXBuildFile; fileRef = 02ABCF9225EB687800037B27 /* Assets.xcassets */; };
		02ABCF9625EB687800037B27 /* LaunchScreen.storyboard in Resources */ = {isa = PBXBuildFile; fileRef = 02ABCF9425EB687800037B27 /* LaunchScreen.storyboard */; };
		02ABCFA125EB687800037B27 /* TweetCSVAnnotatorTests.swift in Sources */ = {isa = PBXBuildFile; fileRef = 02ABCFA025EB687800037B27 /* TweetCSVAnnotatorTests.swift */; };
		02ABCFAC25EB687800037B27 /* TweetCSVAnnotatorUITests.swift in Sources */ = {isa = PBXBuildFile; fileRef = 02ABCFAB25EB687800037B27 /* TweetCSVAnnotatorUITests.swift */; };
		02ABCFC325EB741900037B27 /* CSVParser.swift in Sources */ = {isa = PBXBuildFile; fileRef = 02ABCFC225EB741900037B27 /* CSVParser.swift */; };
		02E8B7AB25ECC0140007325F /* TweetListTableViewController.swift in Sources */ = {isa = PBXBuildFile; fileRef = 02E8B7AA25ECC0140007325F /* TweetListTableViewController.swift */; };
		02F2D19B26085E38002D2F1F /* CSVExport.swift in Sources */ = {isa = PBXBuildFile; fileRef = 02F2D19A26085E38002D2F1F /* CSVExport.swift */; };
		02F2D1C8260F0337002D2F1F /* CSV.png in Resources */ = {isa = PBXBuildFile; fileRef = 02F2D1C7260F0337002D2F1F /* CSV.png */; };
/* End PBXBuildFile section */

/* Begin PBXContainerItemProxy section */
		02ABCF9D25EB687800037B27 /* PBXContainerItemProxy */ = {
			isa = PBXContainerItemProxy;
			containerPortal = 02ABCF7B25EB687700037B27 /* Project object */;
			proxyType = 1;
			remoteGlobalIDString = 02ABCF8225EB687700037B27;
			remoteInfo = TweetCSVAnnotator;
		};
		02ABCFA825EB687800037B27 /* PBXContainerItemProxy */ = {
			isa = PBXContainerItemProxy;
			containerPortal = 02ABCF7B25EB687700037B27 /* Project object */;
			proxyType = 1;
			remoteGlobalIDString = 02ABCF8225EB687700037B27;
			remoteInfo = TweetCSVAnnotator;
		};
/* End PBXContainerItemProxy section */

/* Begin PBXFileReference section */
		0254FC6A25F0848100AF51DB /* SwiftCSV.framework */ = {isa = PBXFileReference; lastKnownFileType = wrapper.framework; name = SwiftCSV.framework; path = Carthage/Build/iOS/SwiftCSV.framework; sourceTree = "<group>"; };
		02904B5425F078FE00671FF0 /* tweetStructure.swift */ = {isa = PBXFileReference; lastKnownFileType = sourcecode.swift; path = tweetStructure.swift; sourceTree = "<group>"; };
		02ABCF8325EB687700037B27 /* TweetCSVAnnotator.app */ = {isa = PBXFileReference; explicitFileType = wrapper.application; includeInIndex = 0; path = TweetCSVAnnotator.app; sourceTree = BUILT_PRODUCTS_DIR; };
		02ABCF8625EB687700037B27 /* AppDelegate.swift */ = {isa = PBXFileReference; lastKnownFileType = sourcecode.swift; path = AppDelegate.swift; sourceTree = "<group>"; };
		02ABCF8825EB687700037B27 /* SceneDelegate.swift */ = {isa = PBXFileReference; lastKnownFileType = sourcecode.swift; path = SceneDelegate.swift; sourceTree = "<group>"; };
		02ABCF8A25EB687700037B27 /* TweetDetailedViewController.swift */ = {isa = PBXFileReference; lastKnownFileType = sourcecode.swift; path = TweetDetailedViewController.swift; sourceTree = "<group>"; };
		02ABCF8D25EB687700037B27 /* Base */ = {isa = PBXFileReference; lastKnownFileType = file.storyboard; name = Base; path = Base.lproj/Main.storyboard; sourceTree = "<group>"; };
		02ABCF9025EB687700037B27 /* TweetCSVAnnotator.xcdatamodel */ = {isa = PBXFileReference; lastKnownFileType = wrapper.xcdatamodel; path = TweetCSVAnnotator.xcdatamodel; sourceTree = "<group>"; };
		02ABCF9225EB687800037B27 /* Assets.xcassets */ = {isa = PBXFileReference; lastKnownFileType = folder.assetcatalog; path = Assets.xcassets; sourceTree = "<group>"; };
		02ABCF9525EB687800037B27 /* Base */ = {isa = PBXFileReference; lastKnownFileType = file.storyboard; name = Base; path = Base.lproj/LaunchScreen.storyboard; sourceTree = "<group>"; };
		02ABCF9725EB687800037B27 /* Info.plist */ = {isa = PBXFileReference; lastKnownFileType = text.plist.xml; path = Info.plist; sourceTree = "<group>"; };
		02ABCF9C25EB687800037B27 /* TweetCSVAnnotatorTests.xctest */ = {isa = PBXFileReference; explicitFileType = wrapper.cfbundle; includeInIndex = 0; path = TweetCSVAnnotatorTests.xctest; sourceTree = BUILT_PRODUCTS_DIR; };
		02ABCFA025EB687800037B27 /* TweetCSVAnnotatorTests.swift */ = {isa = PBXFileReference; lastKnownFileType = sourcecode.swift; path = TweetCSVAnnotatorTests.swift; sourceTree = "<group>"; };
		02ABCFA225EB687800037B27 /* Info.plist */ = {isa = PBXFileReference; lastKnownFileType = text.plist.xml; path = Info.plist; sourceTree = "<group>"; };
		02ABCFA725EB687800037B27 /* TweetCSVAnnotatorUITests.xctest */ = {isa = PBXFileReference; explicitFileType = wrapper.cfbundle; includeInIndex = 0; path = TweetCSVAnnotatorUITests.xctest; sourceTree = BUILT_PRODUCTS_DIR; };
		02ABCFAB25EB687800037B27 /* TweetCSVAnnotatorUITests.swift */ = {isa = PBXFileReference; lastKnownFileType = sourcecode.swift; path = TweetCSVAnnotatorUITests.swift; sourceTree = "<group>"; };
		02ABCFAD25EB687800037B27 /* Info.plist */ = {isa = PBXFileReference; lastKnownFileType = text.plist.xml; path = Info.plist; sourceTree = "<group>"; };
		02ABCFC225EB741900037B27 /* CSVParser.swift */ = {isa = PBXFileReference; lastKnownFileType = sourcecode.swift; path = CSVParser.swift; sourceTree = "<group>"; };
		02E8B7AA25ECC0140007325F /* TweetListTableViewController.swift */ = {isa = PBXFileReference; lastKnownFileType = sourcecode.swift; path = TweetListTableViewController.swift; sourceTree = "<group>"; };
		02F2D19A26085E38002D2F1F /* CSVExport.swift */ = {isa = PBXFileReference; lastKnownFileType = sourcecode.swift; path = CSVExport.swift; sourceTree = "<group>"; };
		02F2D1C7260F0337002D2F1F /* CSV.png */ = {isa = PBXFileReference; lastKnownFileType = image.png; path = CSV.png; sourceTree = "<group>"; };
/* End PBXFileReference section */

/* Begin PBXFrameworksBuildPhase section */
		02ABCF8025EB687700037B27 /* Frameworks */ = {
			isa = PBXFrameworksBuildPhase;
			buildActionMask = 2147483647;
			files = (
				0254FC7325F0925500AF51DB /* CodableCSV in Frameworks */,
			);
			runOnlyForDeploymentPostprocessing = 0;
		};
		02ABCF9925EB687800037B27 /* Frameworks */ = {
			isa = PBXFrameworksBuildPhase;
			buildActionMask = 2147483647;
			files = (
			);
			runOnlyForDeploymentPostprocessing = 0;
		};
		02ABCFA425EB687800037B27 /* Frameworks */ = {
			isa = PBXFrameworksBuildPhase;
			buildActionMask = 2147483647;
			files = (
			);
			runOnlyForDeploymentPostprocessing = 0;
		};
/* End PBXFrameworksBuildPhase section */

/* Begin PBXGroup section */
		0254FC6925F0848100AF51DB /* Frameworks */ = {
			isa = PBXGroup;
			children = (
				0254FC6A25F0848100AF51DB /* SwiftCSV.framework */,
			);
			name = Frameworks;
			sourceTree = "<group>";
		};
		02ABCF7A25EB687700037B27 = {
			isa = PBXGroup;
			children = (
				02904B5425F078FE00671FF0 /* tweetStructure.swift */,
				02ABCF8525EB687700037B27 /* TweetCSVAnnotator */,
				02ABCF9F25EB687800037B27 /* TweetCSVAnnotatorTests */,
				02ABCFAA25EB687800037B27 /* TweetCSVAnnotatorUITests */,
				02ABCF8425EB687700037B27 /* Products */,
				0254FC6925F0848100AF51DB /* Frameworks */,
			);
			sourceTree = "<group>";
		};
		02ABCF8425EB687700037B27 /* Products */ = {
			isa = PBXGroup;
			children = (
				02ABCF8325EB687700037B27 /* TweetCSVAnnotator.app */,
				02ABCF9C25EB687800037B27 /* TweetCSVAnnotatorTests.xctest */,
				02ABCFA725EB687800037B27 /* TweetCSVAnnotatorUITests.xctest */,
			);
			name = Products;
			sourceTree = "<group>";
		};
		02ABCF8525EB687700037B27 /* TweetCSVAnnotator */ = {
			isa = PBXGroup;
			children = (
				02ABCF8625EB687700037B27 /* AppDelegate.swift */,
				02ABCF8825EB687700037B27 /* SceneDelegate.swift */,
				02ABCF8C25EB687700037B27 /* Main.storyboard */,
				02ABCF8A25EB687700037B27 /* TweetDetailedViewController.swift */,
				02E8B7AA25ECC0140007325F /* TweetListTableViewController.swift */,
				02F2D19A26085E38002D2F1F /* CSVExport.swift */,
				02ABCFC225EB741900037B27 /* CSVParser.swift */,
				02ABCF9225EB687800037B27 /* Assets.xcassets */,
				02ABCF9425EB687800037B27 /* LaunchScreen.storyboard */,
				02F2D1C7260F0337002D2F1F /* CSV.png */,
				02ABCF9725EB687800037B27 /* Info.plist */,
				02ABCF8F25EB687700037B27 /* TweetCSVAnnotator.xcdatamodeld */,
			);
			path = TweetCSVAnnotator;
			sourceTree = "<group>";
		};
		02ABCF9F25EB687800037B27 /* TweetCSVAnnotatorTests */ = {
			isa = PBXGroup;
			children = (
				02ABCFA025EB687800037B27 /* TweetCSVAnnotatorTests.swift */,
				02ABCFA225EB687800037B27 /* Info.plist */,
			);
			path = TweetCSVAnnotatorTests;
			sourceTree = "<group>";
		};
		02ABCFAA25EB687800037B27 /* TweetCSVAnnotatorUITests */ = {
			isa = PBXGroup;
			children = (
				02ABCFAB25EB687800037B27 /* TweetCSVAnnotatorUITests.swift */,
				02ABCFAD25EB687800037B27 /* Info.plist */,
			);
			path = TweetCSVAnnotatorUITests;
			sourceTree = "<group>";
		};
/* End PBXGroup section */

/* Begin PBXNativeTarget section */
		02ABCF8225EB687700037B27 /* TweetCSVAnnotator */ = {
			isa = PBXNativeTarget;
			buildConfigurationList = 02ABCFB025EB687800037B27 /* Build configuration list for PBXNativeTarget "TweetCSVAnnotator" */;
			buildPhases = (
				02ABCF7F25EB687700037B27 /* Sources */,
				02ABCF8025EB687700037B27 /* Frameworks */,
				02ABCF8125EB687700037B27 /* Resources */,
				0254FC7025F0849C00AF51DB /* ShellScript */,
			);
			buildRules = (
			);
			dependencies = (
			);
			name = TweetCSVAnnotator;
			packageProductDependencies = (
				0254FC7225F0925500AF51DB /* CodableCSV */,
			);
			productName = TweetCSVAnnotator;
			productReference = 02ABCF8325EB687700037B27 /* TweetCSVAnnotator.app */;
			productType = "com.apple.product-type.application";
		};
		02ABCF9B25EB687800037B27 /* TweetCSVAnnotatorTests */ = {
			isa = PBXNativeTarget;
			buildConfigurationList = 02ABCFB325EB687800037B27 /* Build configuration list for PBXNativeTarget "TweetCSVAnnotatorTests" */;
			buildPhases = (
				02ABCF9825EB687800037B27 /* Sources */,
				02ABCF9925EB687800037B27 /* Frameworks */,
				02ABCF9A25EB687800037B27 /* Resources */,
			);
			buildRules = (
			);
			dependencies = (
				02ABCF9E25EB687800037B27 /* PBXTargetDependency */,
			);
			name = TweetCSVAnnotatorTests;
			productName = TweetCSVAnnotatorTests;
			productReference = 02ABCF9C25EB687800037B27 /* TweetCSVAnnotatorTests.xctest */;
			productType = "com.apple.product-type.bundle.unit-test";
		};
		02ABCFA625EB687800037B27 /* TweetCSVAnnotatorUITests */ = {
			isa = PBXNativeTarget;
			buildConfigurationList = 02ABCFB625EB687800037B27 /* Build configuration list for PBXNativeTarget "TweetCSVAnnotatorUITests" */;
			buildPhases = (
				02ABCFA325EB687800037B27 /* Sources */,
				02ABCFA425EB687800037B27 /* Frameworks */,
				02ABCFA525EB687800037B27 /* Resources */,
			);
			buildRules = (
			);
			dependencies = (
				02ABCFA925EB687800037B27 /* PBXTargetDependency */,
			);
			name = TweetCSVAnnotatorUITests;
			productName = TweetCSVAnnotatorUITests;
			productReference = 02ABCFA725EB687800037B27 /* TweetCSVAnnotatorUITests.xctest */;
			productType = "com.apple.product-type.bundle.ui-testing";
		};
/* End PBXNativeTarget section */

/* Begin PBXProject section */
		02ABCF7B25EB687700037B27 /* Project object */ = {
			isa = PBXProject;
			attributes = {
				LastSwiftUpdateCheck = 1240;
				LastUpgradeCheck = 1240;
				TargetAttributes = {
					02ABCF8225EB687700037B27 = {
						CreatedOnToolsVersion = 12.4;
					};
					02ABCF9B25EB687800037B27 = {
						CreatedOnToolsVersion = 12.4;
						TestTargetID = 02ABCF8225EB687700037B27;
					};
					02ABCFA625EB687800037B27 = {
						CreatedOnToolsVersion = 12.4;
						TestTargetID = 02ABCF8225EB687700037B27;
					};
				};
			};
			buildConfigurationList = 02ABCF7E25EB687700037B27 /* Build configuration list for PBXProject "TweetCSVAnnotator" */;
			compatibilityVersion = "Xcode 9.3";
			developmentRegion = en;
			hasScannedForEncodings = 0;
			knownRegions = (
				en,
				Base,
			);
			mainGroup = 02ABCF7A25EB687700037B27;
			packageReferences = (
				0254FC7125F0925500AF51DB /* XCRemoteSwiftPackageReference "CodableCSV" */,
			);
			productRefGroup = 02ABCF8425EB687700037B27 /* Products */;
			projectDirPath = "";
			projectRoot = "";
			targets = (
				02ABCF8225EB687700037B27 /* TweetCSVAnnotator */,
				02ABCF9B25EB687800037B27 /* TweetCSVAnnotatorTests */,
				02ABCFA625EB687800037B27 /* TweetCSVAnnotatorUITests */,
			);
		};
/* End PBXProject section */

/* Begin PBXResourcesBuildPhase section */
		02ABCF8125EB687700037B27 /* Resources */ = {
			isa = PBXResourcesBuildPhase;
			buildActionMask = 2147483647;
			files = (
				02F2D1C8260F0337002D2F1F /* CSV.png in Resources */,
				02ABCF9625EB687800037B27 /* LaunchScreen.storyboard in Resources */,
				02ABCF9325EB687800037B27 /* Assets.xcassets in Resources */,
				02ABCF8E25EB687700037B27 /* Main.storyboard in Resources */,
			);
			runOnlyForDeploymentPostprocessing = 0;
		};
		02ABCF9A25EB687800037B27 /* Resources */ = {
			isa = PBXResourcesBuildPhase;
			buildActionMask = 2147483647;
			files = (
			);
			runOnlyForDeploymentPostprocessing = 0;
		};
		02ABCFA525EB687800037B27 /* Resources */ = {
			isa = PBXResourcesBuildPhase;
			buildActionMask = 2147483647;
			files = (
			);
			runOnlyForDeploymentPostprocessing = 0;
		};
/* End PBXResourcesBuildPhase section */

/* Begin PBXShellScriptBuildPhase section */
		0254FC7025F0849C00AF51DB /* ShellScript */ = {
			isa = PBXShellScriptBuildPhase;
			buildActionMask = 2147483647;
			files = (
			);
			inputFileListPaths = (
			);
			inputPaths = (
				"$(SRCROOT)/Carthage/Build/iOS/SwiftCSV.framework",
			);
			outputFileListPaths = (
			);
			outputPaths = (
			);
			runOnlyForDeploymentPostprocessing = 0;
			shellPath = /bin/sh;
			shellScript = "# Type a script or drag a script file from your workspace to insert its path.\n/usr/local/bin/carthage copy-frameworks\n";
		};
/* End PBXShellScriptBuildPhase section */

/* Begin PBXSourcesBuildPhase section */
		02ABCF7F25EB687700037B27 /* Sources */ = {
			isa = PBXSourcesBuildPhase;
			buildActionMask = 2147483647;
			files = (
				02ABCFC325EB741900037B27 /* CSVParser.swift in Sources */,
				02E8B7AB25ECC0140007325F /* TweetListTableViewController.swift in Sources */,
				02ABCF8B25EB687700037B27 /* TweetDetailedViewController.swift in Sources */,
				02904B5525F078FE00671FF0 /* tweetStructure.swift in Sources */,
				02F2D19B26085E38002D2F1F /* CSVExport.swift in Sources */,
				02ABCF9125EB687700037B27 /* TweetCSVAnnotator.xcdatamodeld in Sources */,
				02ABCF8725EB687700037B27 /* AppDelegate.swift in Sources */,
				02ABCF8925EB687700037B27 /* SceneDelegate.swift in Sources */,
			);
			runOnlyForDeploymentPostprocessing = 0;
		};
		02ABCF9825EB687800037B27 /* Sources */ = {
			isa = PBXSourcesBuildPhase;
			buildActionMask = 2147483647;
			files = (
				02ABCFA125EB687800037B27 /* TweetCSVAnnotatorTests.swift in Sources */,
			);
			runOnlyForDeploymentPostprocessing = 0;
		};
		02ABCFA325EB687800037B27 /* Sources */ = {
			isa = PBXSourcesBuildPhase;
			buildActionMask = 2147483647;
			files = (
				02ABCFAC25EB687800037B27 /* TweetCSVAnnotatorUITests.swift in Sources */,
			);
			runOnlyForDeploymentPostprocessing = 0;
		};
/* End PBXSourcesBuildPhase section */

/* Begin PBXTargetDependency section */
		02ABCF9E25EB687800037B27 /* PBXTargetDependency */ = {
			isa = PBXTargetDependency;
			target = 02ABCF8225EB687700037B27 /* TweetCSVAnnotator */;
			targetProxy = 02ABCF9D25EB687800037B27 /* PBXContainerItemProxy */;
		};
		02ABCFA925EB687800037B27 /* PBXTargetDependency */ = {
			isa = PBXTargetDependency;
			target = 02ABCF8225EB687700037B27 /* TweetCSVAnnotator */;
			targetProxy = 02ABCFA825EB687800037B27 /* PBXContainerItemProxy */;
		};
/* End PBXTargetDependency section */

/* Begin PBXVariantGroup section */
		02ABCF8C25EB687700037B27 /* Main.storyboard */ = {
			isa = PBXVariantGroup;
			children = (
				02ABCF8D25EB687700037B27 /* Base */,
			);
			name = Main.storyboard;
			sourceTree = "<group>";
		};
		02ABCF9425EB687800037B27 /* LaunchScreen.storyboard */ = {
			isa = PBXVariantGroup;
			children = (
				02ABCF9525EB687800037B27 /* Base */,
			);
			name = LaunchScreen.storyboard;
			sourceTree = "<group>";
		};
/* End PBXVariantGroup section */

/* Begin XCBuildConfiguration section */
		02ABCFAE25EB687800037B27 /* Debug */ = {
			isa = XCBuildConfiguration;
			buildSettings = {
				ALWAYS_SEARCH_USER_PATHS = NO;
				CLANG_ANALYZER_NONNULL = YES;
				CLANG_ANALYZER_NUMBER_OBJECT_CONVERSION = YES_AGGRESSIVE;
				CLANG_CXX_LANGUAGE_STANDARD = "gnu++14";
				CLANG_CXX_LIBRARY = "libc++";
				CLANG_ENABLE_MODULES = YES;
				CLANG_ENABLE_OBJC_ARC = YES;
				CLANG_ENABLE_OBJC_WEAK = YES;
				CLANG_WARN_BLOCK_CAPTURE_AUTORELEASING = YES;
				CLANG_WARN_BOOL_CONVERSION = YES;
				CLANG_WARN_COMMA = YES;
				CLANG_WARN_CONSTANT_CONVERSION = YES;
				CLANG_WARN_DEPRECATED_OBJC_IMPLEMENTATIONS = YES;
				CLANG_WARN_DIRECT_OBJC_ISA_USAGE = YES_ERROR;
				CLANG_WARN_DOCUMENTATION_COMMENTS = YES;
				CLANG_WARN_EMPTY_BODY = YES;
				CLANG_WARN_ENUM_CONVERSION = YES;
				CLANG_WARN_INFINITE_RECURSION = YES;
				CLANG_WARN_INT_CONVERSION = YES;
				CLANG_WARN_NON_LITERAL_NULL_CONVERSION = YES;
				CLANG_WARN_OBJC_IMPLICIT_RETAIN_SELF = YES;
				CLANG_WARN_OBJC_LITERAL_CONVERSION = YES;
				CLANG_WARN_OBJC_ROOT_CLASS = YES_ERROR;
				CLANG_WARN_QUOTED_INCLUDE_IN_FRAMEWORK_HEADER = YES;
				CLANG_WARN_RANGE_LOOP_ANALYSIS = YES;
				CLANG_WARN_STRICT_PROTOTYPES = YES;
				CLANG_WARN_SUSPICIOUS_MOVE = YES;
				CLANG_WARN_UNGUARDED_AVAILABILITY = YES_AGGRESSIVE;
				CLANG_WARN_UNREACHABLE_CODE = YES;
				CLANG_WARN__DUPLICATE_METHOD_MATCH = YES;
				COPY_PHASE_STRIP = NO;
				DEBUG_INFORMATION_FORMAT = dwarf;
				ENABLE_STRICT_OBJC_MSGSEND = YES;
				ENABLE_TESTABILITY = YES;
				GCC_C_LANGUAGE_STANDARD = gnu11;
				GCC_DYNAMIC_NO_PIC = NO;
				GCC_NO_COMMON_BLOCKS = YES;
				GCC_OPTIMIZATION_LEVEL = 0;
				GCC_PREPROCESSOR_DEFINITIONS = (
					"DEBUG=1",
					"$(inherited)",
				);
				GCC_WARN_64_TO_32_BIT_CONVERSION = YES;
				GCC_WARN_ABOUT_RETURN_TYPE = YES_ERROR;
				GCC_WARN_UNDECLARED_SELECTOR = YES;
				GCC_WARN_UNINITIALIZED_AUTOS = YES_AGGRESSIVE;
				GCC_WARN_UNUSED_FUNCTION = YES;
				GCC_WARN_UNUSED_VARIABLE = YES;
				IPHONEOS_DEPLOYMENT_TARGET = 14.4;
				MTL_ENABLE_DEBUG_INFO = INCLUDE_SOURCE;
				MTL_FAST_MATH = YES;
				ONLY_ACTIVE_ARCH = YES;
				SDKROOT = iphoneos;
				SWIFT_ACTIVE_COMPILATION_CONDITIONS = DEBUG;
				SWIFT_OPTIMIZATION_LEVEL = "-Onone";
			};
			name = Debug;
		};
		02ABCFAF25EB687800037B27 /* Release */ = {
			isa = XCBuildConfiguration;
			buildSettings = {
				ALWAYS_SEARCH_USER_PATHS = NO;
				CLANG_ANALYZER_NONNULL = YES;
				CLANG_ANALYZER_NUMBER_OBJECT_CONVERSION = YES_AGGRESSIVE;
				CLANG_CXX_LANGUAGE_STANDARD = "gnu++14";
				CLANG_CXX_LIBRARY = "libc++";
				CLANG_ENABLE_MODULES = YES;
				CLANG_ENABLE_OBJC_ARC = YES;
				CLANG_ENABLE_OBJC_WEAK = YES;
				CLANG_WARN_BLOCK_CAPTURE_AUTORELEASING = YES;
				CLANG_WARN_BOOL_CONVERSION = YES;
				CLANG_WARN_COMMA = YES;
				CLANG_WARN_CONSTANT_CONVERSION = YES;
				CLANG_WARN_DEPRECATED_OBJC_IMPLEMENTATIONS = YES;
				CLANG_WARN_DIRECT_OBJC_ISA_USAGE = YES_ERROR;
				CLANG_WARN_DOCUMENTATION_COMMENTS = YES;
				CLANG_WARN_EMPTY_BODY = YES;
				CLANG_WARN_ENUM_CONVERSION = YES;
				CLANG_WARN_INFINITE_RECURSION = YES;
				CLANG_WARN_INT_CONVERSION = YES;
				CLANG_WARN_NON_LITERAL_NULL_CONVERSION = YES;
				CLANG_WARN_OBJC_IMPLICIT_RETAIN_SELF = YES;
				CLANG_WARN_OBJC_LITERAL_CONVERSION = YES;
				CLANG_WARN_OBJC_ROOT_CLASS = YES_ERROR;
				CLANG_WARN_QUOTED_INCLUDE_IN_FRAMEWORK_HEADER = YES;
				CLANG_WARN_RANGE_LOOP_ANALYSIS = YES;
				CLANG_WARN_STRICT_PROTOTYPES = YES;
				CLANG_WARN_SUSPICIOUS_MOVE = YES;
				CLANG_WARN_UNGUARDED_AVAILABILITY = YES_AGGRESSIVE;
				CLANG_WARN_UNREACHABLE_CODE = YES;
				CLANG_WARN__DUPLICATE_METHOD_MATCH = YES;
				COPY_PHASE_STRIP = NO;
				DEBUG_INFORMATION_FORMAT = "dwarf-with-dsym";
				ENABLE_NS_ASSERTIONS = NO;
				ENABLE_STRICT_OBJC_MSGSEND = YES;
				GCC_C_LANGUAGE_STANDARD = gnu11;
				GCC_NO_COMMON_BLOCKS = YES;
				GCC_WARN_64_TO_32_BIT_CONVERSION = YES;
				GCC_WARN_ABOUT_RETURN_TYPE = YES_ERROR;
				GCC_WARN_UNDECLARED_SELECTOR = YES;
				GCC_WARN_UNINITIALIZED_AUTOS = YES_AGGRESSIVE;
				GCC_WARN_UNUSED_FUNCTION = YES;
				GCC_WARN_UNUSED_VARIABLE = YES;
				IPHONEOS_DEPLOYMENT_TARGET = 14.4;
				MTL_ENABLE_DEBUG_INFO = NO;
				MTL_FAST_MATH = YES;
				SDKROOT = iphoneos;
				SWIFT_COMPILATION_MODE = wholemodule;
				SWIFT_OPTIMIZATION_LEVEL = "-O";
				VALIDATE_PRODUCT = YES;
			};
			name = Release;
		};
		02ABCFB125EB687800037B27 /* Debug */ = {
			isa = XCBuildConfiguration;
			buildSettings = {
				ASSETCATALOG_COMPILER_APPICON_NAME = AppIcon;
				ASSETCATALOG_COMPILER_GLOBAL_ACCENT_COLOR_NAME = AccentColor;
				CODE_SIGN_STYLE = Automatic;
				DEVELOPMENT_TEAM = WRQMM7WZL6;
				FRAMEWORK_SEARCH_PATHS = (
					"$(inherited)",
					"$(PROJECT_DIR)/Carthage/Build/iOS",
				);
				INFOPLIST_FILE = TweetCSVAnnotator/Info.plist;
				LD_RUNPATH_SEARCH_PATHS = (
					"$(inherited)",
					"@executable_path/Frameworks",
				);
				PRODUCT_BUNDLE_IDENTIFIER = Logan.TweetCSVAnnotator;
				PRODUCT_NAME = "$(TARGET_NAME)";
				SWIFT_VERSION = 5.0;
				TARGETED_DEVICE_FAMILY = 2;
			};
			name = Debug;
		};
		02ABCFB225EB687800037B27 /* Release */ = {
			isa = XCBuildConfiguration;
			buildSettings = {
				ASSETCATALOG_COMPILER_APPICON_NAME = AppIcon;
				ASSETCATALOG_COMPILER_GLOBAL_ACCENT_COLOR_NAME = AccentColor;
				CODE_SIGN_STYLE = Automatic;
				DEVELOPMENT_TEAM = WRQMM7WZL6;
				FRAMEWORK_SEARCH_PATHS = (
					"$(inherited)",
					"$(PROJECT_DIR)/Carthage/Build/iOS",
				);
				INFOPLIST_FILE = TweetCSVAnnotator/Info.plist;
				LD_RUNPATH_SEARCH_PATHS = (
					"$(inherited)",
					"@executable_path/Frameworks",
				);
				PRODUCT_BUNDLE_IDENTIFIER = Logan.TweetCSVAnnotator;
				PRODUCT_NAME = "$(TARGET_NAME)";
				SWIFT_VERSION = 5.0;
				TARGETED_DEVICE_FAMILY = 2;
			};
			name = Release;
		};
		02ABCFB425EB687800037B27 /* Debug */ = {
			isa = XCBuildConfiguration;
			buildSettings = {
				ALWAYS_EMBED_SWIFT_STANDARD_LIBRARIES = YES;
				BUNDLE_LOADER = "$(TEST_HOST)";
				CODE_SIGN_STYLE = Automatic;
				DEVELOPMENT_TEAM = WRQMM7WZL6;
				INFOPLIST_FILE = TweetCSVAnnotatorTests/Info.plist;
				IPHONEOS_DEPLOYMENT_TARGET = 14.4;
				LD_RUNPATH_SEARCH_PATHS = (
					"$(inherited)",
					"@executable_path/Frameworks",
					"@loader_path/Frameworks",
				);
				PRODUCT_BUNDLE_IDENTIFIER = Logan.TweetCSVAnnotatorTests;
				PRODUCT_NAME = "$(TARGET_NAME)";
				SWIFT_VERSION = 5.0;
				TARGETED_DEVICE_FAMILY = "1,2";
				TEST_HOST = "$(BUILT_PRODUCTS_DIR)/TweetCSVAnnotator.app/TweetCSVAnnotator";
			};
			name = Debug;
		};
		02ABCFB525EB687800037B27 /* Release */ = {
			isa = XCBuildConfiguration;
			buildSettings = {
				ALWAYS_EMBED_SWIFT_STANDARD_LIBRARIES = YES;
				BUNDLE_LOADER = "$(TEST_HOST)";
				CODE_SIGN_STYLE = Automatic;
				DEVELOPMENT_TEAM = WRQMM7WZL6;
				INFOPLIST_FILE = TweetCSVAnnotatorTests/Info.plist;
				IPHONEOS_DEPLOYMENT_TARGET = 14.4;
				LD_RUNPATH_SEARCH_PATHS = (
					"$(inherited)",
					"@executable_path/Frameworks",
					"@loader_path/Frameworks",
				);
				PRODUCT_BUNDLE_IDENTIFIER = Logan.TweetCSVAnnotatorTests;
				PRODUCT_NAME = "$(TARGET_NAME)";
				SWIFT_VERSION = 5.0;
				TARGETED_DEVICE_FAMILY = "1,2";
				TEST_HOST = "$(BUILT_PRODUCTS_DIR)/TweetCSVAnnotator.app/TweetCSVAnnotator";
			};
			name = Release;
		};
		02ABCFB725EB687800037B27 /* Debug */ = {
			isa = XCBuildConfiguration;
			buildSettings = {
				ALWAYS_EMBED_SWIFT_STANDARD_LIBRARIES = YES;
				CODE_SIGN_STYLE = Automatic;
				DEVELOPMENT_TEAM = WRQMM7WZL6;
				INFOPLIST_FILE = TweetCSVAnnotatorUITests/Info.plist;
				LD_RUNPATH_SEARCH_PATHS = (
					"$(inherited)",
					"@executable_path/Frameworks",
					"@loader_path/Frameworks",
				);
				PRODUCT_BUNDLE_IDENTIFIER = Logan.TweetCSVAnnotatorUITests;
				PRODUCT_NAME = "$(TARGET_NAME)";
				SWIFT_VERSION = 5.0;
				TARGETED_DEVICE_FAMILY = "1,2";
				TEST_TARGET_NAME = TweetCSVAnnotator;
			};
			name = Debug;
		};
		02ABCFB825EB687800037B27 /* Release */ = {
			isa = XCBuildConfiguration;
			buildSettings = {
				ALWAYS_EMBED_SWIFT_STANDARD_LIBRARIES = YES;
				CODE_SIGN_STYLE = Automatic;
				DEVELOPMENT_TEAM = WRQMM7WZL6;
				INFOPLIST_FILE = TweetCSVAnnotatorUITests/Info.plist;
				LD_RUNPATH_SEARCH_PATHS = (
					"$(inherited)",
					"@executable_path/Frameworks",
					"@loader_path/Frameworks",
				);
				PRODUCT_BUNDLE_IDENTIFIER = Logan.TweetCSVAnnotatorUITests;
				PRODUCT_NAME = "$(TARGET_NAME)";
				SWIFT_VERSION = 5.0;
				TARGETED_DEVICE_FAMILY = "1,2";
				TEST_TARGET_NAME = TweetCSVAnnotator;
			};
			name = Release;
		};
/* End XCBuildConfiguration section */

/* Begin XCConfigurationList section */
		02ABCF7E25EB687700037B27 /* Build configuration list for PBXProject "TweetCSVAnnotator" */ = {
			isa = XCConfigurationList;
			buildConfigurations = (
				02ABCFAE25EB687800037B27 /* Debug */,
				02ABCFAF25EB687800037B27 /* Release */,
			);
			defaultConfigurationIsVisible = 0;
			defaultConfigurationName = Release;
		};
		02ABCFB025EB687800037B27 /* Build configuration list for PBXNativeTarget "TweetCSVAnnotator" */ = {
			isa = XCConfigurationList;
			buildConfigurations = (
				02ABCFB125EB687800037B27 /* Debug */,
				02ABCFB225EB687800037B27 /* Release */,
			);
			defaultConfigurationIsVisible = 0;
			defaultConfigurationName = Release;
		};
		02ABCFB325EB687800037B27 /* Build configuration list for PBXNativeTarget "TweetCSVAnnotatorTests" */ = {
			isa = XCConfigurationList;
			buildConfigurations = (
				02ABCFB425EB687800037B27 /* Debug */,
				02ABCFB525EB687800037B27 /* Release */,
			);
			defaultConfigurationIsVisible = 0;
			defaultConfigurationName = Release;
		};
		02ABCFB625EB687800037B27 /* Build configuration list for PBXNativeTarget "TweetCSVAnnotatorUITests" */ = {
			isa = XCConfigurationList;
			buildConfigurations = (
				02ABCFB725EB687800037B27 /* Debug */,
				02ABCFB825EB687800037B27 /* Release */,
			);
			defaultConfigurationIsVisible = 0;
			defaultConfigurationName = Release;
		};
/* End XCConfigurationList section */

/* Begin XCRemoteSwiftPackageReference section */
		0254FC7125F0925500AF51DB /* XCRemoteSwiftPackageReference "CodableCSV" */ = {
			isa = XCRemoteSwiftPackageReference;
			repositoryURL = "https://github.com/dehesa/CodableCSV.git";
			requirement = {
				kind = upToNextMajorVersion;
				minimumVersion = 0.6.5;
			};
		};
/* End XCRemoteSwiftPackageReference section */

/* Begin XCSwiftPackageProductDependency section */
		0254FC7225F0925500AF51DB /* CodableCSV */ = {
			isa = XCSwiftPackageProductDependency;
			package = 0254FC7125F0925500AF51DB /* XCRemoteSwiftPackageReference "CodableCSV" */;
			productName = CodableCSV;
		};
/* End XCSwiftPackageProductDependency section */

/* Begin XCVersionGroup section */
		02ABCF8F25EB687700037B27 /* TweetCSVAnnotator.xcdatamodeld */ = {
			isa = XCVersionGroup;
			children = (
				02ABCF9025EB687700037B27 /* TweetCSVAnnotator.xcdatamodel */,
			);
			currentVersion = 02ABCF9025EB687700037B27 /* TweetCSVAnnotator.xcdatamodel */;
			path = TweetCSVAnnotator.xcdatamodeld;
			sourceTree = "<group>";
			versionGroupType = wrapper.xcdatamodel;
		};
/* End XCVersionGroup section */
	};
	rootObject = 02ABCF7B25EB687700037B27 /* Project object */;
}
